
Microsoft Visual Studio Solution File, Format Version 12.00
# Visual Studio Version 16
VisualStudioVersion = 16.0.30804.86
MinimumVisualStudioVersion = 10.0.40219.1
Project("{9A19103F-16F7-4668-BE54-9A1E7A4F7556}") = "SimpleCode", "Canvas (Cshp dnet core)\SimpleCode.csproj", "{072F45D0-B7A5-4C86-8BEB-2493BB2E0A7A}"
EndProject
Project("{9A19103F-16F7-4668-BE54-9A1E7A4F7556}") = "CodeWars", "CodeWars\CodeWars.csproj", "{76570D18-77CE-44A9-BF72-8ED943148DC1}"
EndProject
Project("{FAE04EC0-301F-11D3-BF4B-00C04F79EFBC}") = "MyLibraryProj", "MyLibraryProj\MyLibraryProj.csproj", "{CAB21995-F934-4565-9CBB-1A0C53D4D910}"
EndProject
Project("{FAE04EC0-301F-11D3-BF4B-00C04F79EFBC}") = "WF_MySQL", "WF_MySQL\WF_MySQL.csproj", "{EE9EEE11-B922-4CFF-A576-ACB07C67A942}"
EndProject
Project("{9A19103F-16F7-4668-BE54-9A1E7A4F7556}") = "Canvas", "Canvas\Canvas.csproj", "{7F064266-D9BE-488C-86D6-CB673C4516EB}"
EndProject
Project("{9A19103F-16F7-4668-BE54-9A1E7A4F7556}") = "NMLA", "NMLA\NMLA.csproj", "{3E6E512C-8E0E-4A59-A42C-964BFDF5B5C8}"
EndProject
Project("{9A19103F-16F7-4668-BE54-9A1E7A4F7556}") = "PS", "PS\PS.csproj", "{E56BE7B7-F3DD-4332-9F81-D9F673D664C1}"
EndProject
Global
	GlobalSection(SolutionConfigurationPlatforms) = preSolution
		Debug|Any CPU = Debug|Any CPU
		Release|Any CPU = Release|Any CPU
	EndGlobalSection
	GlobalSection(ProjectConfigurationPlatforms) = postSolution
		{072F45D0-B7A5-4C86-8BEB-2493BB2E0A7A}.Debug|Any CPU.ActiveCfg = Debug|Any CPU
		{072F45D0-B7A5-4C86-8BEB-2493BB2E0A7A}.Debug|Any CPU.Build.0 = Debug|Any CPU
		{072F45D0-B7A5-4C86-8BEB-2493BB2E0A7A}.Release|Any CPU.ActiveCfg = Release|Any CPU
		{072F45D0-B7A5-4C86-8BEB-2493BB2E0A7A}.Release|Any CPU.Build.0 = Release|Any CPU
		{76570D18-77CE-44A9-BF72-8ED943148DC1}.Debug|Any CPU.ActiveCfg = Debug|Any CPU
		{76570D18-77CE-44A9-BF72-8ED943148DC1}.Debug|Any CPU.Build.0 = Debug|Any CPU
		{76570D18-77CE-44A9-BF72-8ED943148DC1}.Release|Any CPU.ActiveCfg = Release|Any CPU
		{76570D18-77CE-44A9-BF72-8ED943148DC1}.Release|Any CPU.Build.0 = Release|Any CPU
		{CAB21995-F934-4565-9CBB-1A0C53D4D910}.Debug|Any CPU.ActiveCfg = Debug|Any CPU
		{CAB21995-F934-4565-9CBB-1A0C53D4D910}.Debug|Any CPU.Build.0 = Debug|Any CPU
		{CAB21995-F934-4565-9CBB-1A0C53D4D910}.Release|Any CPU.ActiveCfg = Release|Any CPU
		{CAB21995-F934-4565-9CBB-1A0C53D4D910}.Release|Any CPU.Build.0 = Release|Any CPU
		{EE9EEE11-B922-4CFF-A576-ACB07C67A942}.Debug|Any CPU.ActiveCfg = Debug|Any CPU
		{EE9EEE11-B922-4CFF-A576-ACB07C67A942}.Debug|Any CPU.Build.0 = Debug|Any CPU
		{EE9EEE11-B922-4CFF-A576-ACB07C67A942}.Release|Any CPU.ActiveCfg = Release|Any CPU
		{EE9EEE11-B922-4CFF-A576-ACB07C67A942}.Release|Any CPU.Build.0 = Release|Any CPU
		{7F064266-D9BE-488C-86D6-CB673C4516EB}.Debug|Any CPU.ActiveCfg = Debug|Any CPU
		{7F064266-D9BE-488C-86D6-CB673C4516EB}.Debug|Any CPU.Build.0 = Debug|Any CPU
		{7F064266-D9BE-488C-86D6-CB673C4516EB}.Release|Any CPU.ActiveCfg = Release|Any CPU
		{7F064266-D9BE-488C-86D6-CB673C4516EB}.Release|Any CPU.Build.0 = Release|Any CPU
		{3E6E512C-8E0E-4A59-A42C-964BFDF5B5C8}.Debug|Any CPU.ActiveCfg = Debug|Any CPU
		{3E6E512C-8E0E-4A59-A42C-964BFDF5B5C8}.Debug|Any CPU.Build.0 = Debug|Any CPU
		{3E6E512C-8E0E-4A59-A42C-964BFDF5B5C8}.Release|Any CPU.ActiveCfg = Release|Any CPU
		{3E6E512C-8E0E-4A59-A42C-964BFDF5B5C8}.Release|Any CPU.Build.0 = Release|Any CPU
		{E56BE7B7-F3DD-4332-9F81-D9F673D664C1}.Debug|Any CPU.ActiveCfg = Debug|Any CPU
		{E56BE7B7-F3DD-4332-9F81-D9F673D664C1}.Debug|Any CPU.Build.0 = Debug|Any CPU
		{E56BE7B7-F3DD-4332-9F81-D9F673D664C1}.Release|Any CPU.ActiveCfg = Release|Any CPU
		{E56BE7B7-F3DD-4332-9F81-D9F673D664C1}.Release|Any CPU.Build.0 = Release|Any CPU
	EndGlobalSection
	GlobalSection(SolutionProperties) = preSolution
		HideSolutionNode = FALSE
	EndGlobalSection
	GlobalSection(ExtensibilityGlobals) = postSolution
		SolutionGuid = {1E0D04B7-CBED-4D82-8791-7197DEC4ECC3}
	EndGlobalSection
EndGlobal
